
Microsoft Visual Studio Solution File, Format Version 12.00
# Visual Studio Version 16
VisualStudioVersion = 16.0.809.0
MinimumVisualStudioVersion = 10.0.40219.1
Project("{FAE04EC0-301F-11D3-BF4B-00C04F79EFBC}") = "Oracle_Api", "Oracle_Api\Oracle_Api.csproj", "{136C0A03-4F48-4B0B-9974-EFF64CFC6F20}"
EndProject
Global
	GlobalSection(SolutionConfigurationPlatforms) = preSolution
		Debug|Any CPU = Debug|Any CPU
		Release|Any CPU = Release|Any CPU
	EndGlobalSection
	GlobalSection(ProjectConfigurationPlatforms) = postSolution
		{136C0A03-4F48-4B0B-9974-EFF64CFC6F20}.Debug|Any CPU.ActiveCfg = Debug|Any CPU
		{136C0A03-4F48-4B0B-9974-EFF64CFC6F20}.Debug|Any CPU.Build.0 = Debug|Any CPU
		{136C0A03-4F48-4B0B-9974-EFF64CFC6F20}.Release|Any CPU.ActiveCfg = Release|Any CPU
		{136C0A03-4F48-4B0B-9974-EFF64CFC6F20}.Release|Any CPU.Build.0 = Release|Any CPU
	EndGlobalSection
	GlobalSection(SolutionProperties) = preSolution
		HideSolutionNode = FALSE
	EndGlobalSection
	GlobalSection(ExtensibilityGlobals) = postSolution
		SolutionGuid = {1A5FFD95-3B21-4C76-80DA-2A018F4E5D6B}
	EndGlobalSection
EndGlobal
